<?xml version="1.0" encoding="utf-8"?>
<Project ToolsVersion="4.0" xmlns="http://schemas.microsoft.com/developer/msbuild/2003">
  <ItemGroup>
    <Filter Include="Headerdateien">
      <UniqueIdentifier>{93995380-89BD-4b04-88EB-625FBE52EBFB}</UniqueIdentifier>
      <Extensions>h;hpp;hxx;hm;inl;inc;xsd</Extensions>
    </Filter>
    <Filter Include="Headerdateien\Lower Classes">
      <UniqueIdentifier>{7203308e-836a-4b63-ace9-2be479db7d85}</UniqueIdentifier>
    </Filter>
    <Filter Include="Ressourcendateien">
      <UniqueIdentifier>{67DA6AB6-F800-4c08-8B7A-83BB121AAD01}</UniqueIdentifier>
      <Extensions>rc;ico;cur;bmp;dlg;rc2;rct;bin;rgs;gif;jpg;jpeg;jpe;resx;tiff;tif;png;wav</Extensions>
    </Filter>
    <Filter Include="Quelldateien">
      <UniqueIdentifier>{4FC737F1-C7A5-4376-A066-2A32D752A2FF}</UniqueIdentifier>
      <Extensions>cpp;c;cc;cxx;def;odl;idl;hpj;bat;asm;asmx</Extensions>
    </Filter>
    <Filter Include="Quelldateien\Lower Classes">
      <UniqueIdentifier>{08a7f4cb-96c2-4f60-9ae4-643aa9b186ce}</UniqueIdentifier>
    </Filter>
  </ItemGroup>
  <ItemGroup>
    <ClInclude Include="Lexer.h">
      <Filter>Headerdateien</Filter>
    </ClInclude>
    <ClInclude Include="Parser.h">
      <Filter>Headerdateien</Filter>
    </ClInclude>
    <ClInclude Include="exception.h">
      <Filter>Headerdateien\Lower Classes</Filter>
    </ClInclude>
    <ClInclude Include="identifier.h">
      <Filter>Headerdateien\Lower Classes</Filter>
    </ClInclude>
    <ClInclude Include="integer.h">
      <Filter>Headerdateien\Lower Classes</Filter>
    </ClInclude>
    <ClInclude Include="real.h">
      <Filter>Headerdateien\Lower Classes</Filter>
    </ClInclude>
    <ClInclude Include="stringlit.h">
      <Filter>Headerdateien\Lower Classes</Filter>
    </ClInclude>
    <ClInclude Include="symbols.h">
      <Filter>Headerdateien\Lower Classes</Filter>
    </ClInclude>
    <ClInclude Include="token.h">
      <Filter>Headerdateien\Lower Classes</Filter>
    </ClInclude>
    <ClInclude Include="variable.h">
      <Filter>Headerdateien\Lower Classes</Filter>
    </ClInclude>
  </ItemGroup>
  <ItemGroup>
    <ClCompile Include="Lexer.cpp">
      <Filter>Quelldateien</Filter>
    </ClCompile>
    <ClCompile Include="main.cpp">
      <Filter>Quelldateien</Filter>
    </ClCompile>
    <ClCompile Include="Parser.cpp">
      <Filter>Quelldateien</Filter>
    </ClCompile>
    <ClCompile Include="identifier.cpp">
      <Filter>Quelldateien\Lower Classes</Filter>
    </ClCompile>
    <ClCompile Include="integer.cpp">
      <Filter>Quelldateien\Lower Classes</Filter>
    </ClCompile>
    <ClCompile Include="real.cpp">
      <Filter>Quelldateien\Lower Classes</Filter>
    </ClCompile>
    <ClCompile Include="stringlit.cpp">
      <Filter>Quelldateien\Lower Classes</Filter>
    </ClCompile>
    <ClCompile Include="token.cpp">
      <Filter>Quelldateien\Lower Classes</Filter>
    </ClCompile>
    <ClCompile Include="variable.cpp">
      <Filter>Quelldateien\Lower Classes</Filter>
    </ClCompile>
  </ItemGroup>
  <ItemGroup>
    <Text Include="..\Debug\test.pas" />
  </ItemGroup>
</Project>