
Microsoft Visual Studio Solution File, Format Version 12.00
# Visual Studio 15
VisualStudioVersion = 15.0.28307.645
MinimumVisualStudioVersion = 10.0.40219.1
Project("{8BC9CEB8-8B4A-11D0-8D11-00A0C91BC942}") = "DInterpreter", "DInterpreter\DInterpreter.vcxproj", "{6DCCD293-0CE1-45C5-9098-C2EFD0FE5DBB}"
EndProject
Global
	GlobalSection(SolutionConfigurationPlatforms) = preSolution
		Debug|Win32 = Debug|Win32
		Release|Win32 = Release|Win32
	EndGlobalSection
	GlobalSection(ProjectConfigurationPlatforms) = postSolution
		{6DCCD293-0CE1-45C5-9098-C2EFD0FE5DBB}.Debug|Win32.ActiveCfg = Debug|Win32
		{6DCCD293-0CE1-45C5-9098-C2EFD0FE5DBB}.Debug|Win32.Build.0 = Debug|Win32
		{6DCCD293-0CE1-45C5-9098-C2EFD0FE5DBB}.Release|Win32.ActiveCfg = Release|Win32
		{6DCCD293-0CE1-45C5-9098-C2EFD0FE5DBB}.Release|Win32.Build.0 = Release|Win32
	EndGlobalSection
	GlobalSection(SolutionProperties) = preSolution
		HideSolutionNode = FALSE
	EndGlobalSection
	GlobalSection(ExtensibilityGlobals) = postSolution
		SolutionGuid = {431B7B1E-4ADF-4386-94D2-AE4A98DD2B81}
	EndGlobalSection
EndGlobal
